# This file is automatically @generated by Cargo.
# It is not intended for manual editing.
version = 4

[[package]]
name = "libc"
version = "0.2.190"
source = "registry+https://github.com/rust-lang/crates.io-index"
checksum = "ce5d3ddc6d3fa000eb1536d85e147bfe31aacaba692ed6a876f95cb7c855be78"

[[package]]
name = "libvms"
version = "0.1.0"
dependencies = [
 "libc",
 "vms-cld",
 "vms-cond",
 "vms-fao",
 "vms-filespec",
 "vms-lnm",
 "vms-msg",
 "vms-rms",
 "vms-time",
 "vmsportd",
]

[[package]]
name = "vms-c"
version = "0.1.0"
dependencies = [
 "libc",
 "libvms",
 "vms-cond",
 "vms-fao",
]

[[package]]
name = "vms-cld"
version = "0.1.0"
dependencies = [
 "vms-cond",
]

[[package]]
name = "vms-cond"
version = "0.1.0"

[[package]]
name = "vms-dcl"
version = "0.1.0"
dependencies = [
 "libc",
 "libvms",
 "vms-cld",
 "vms-cond",
 "vms-fao",
 "vms-filespec",
 "vms-lnm",
 "vms-msg",
 "vms-rms",
 "vms-time",
 "vmsportd",
]

[[package]]
name = "vms-examples"
version = "0.1.0"
dependencies = [
 "libvms",
 "vms-cond",
 "vms-fao",
 "vmsportd",
]

[[package]]
name = "vms-fao"
version = "0.1.0"
dependencies = [
 "vms-time",
]

[[package]]
name = "vms-filespec"
version = "0.1.0"

[[package]]
name = "vms-lnm"
version = "0.1.0"
dependencies = [
 "vms-cond",
 "vms-filespec",
]

[[package]]
name = "vms-msg"
version = "0.1.0"
dependencies = [
 "vms-cond",
 "vms-fao",
]

[[package]]
name = "vms-rms"
version = "0.1.0"

[[package]]
name = "vms-time"
version = "0.1.0"
dependencies = [
 "vms-cond",
]

[[package]]
name = "vms-utils"
version = "0.1.0"
dependencies = [
 "libvms",
 "vms-cld",
 "vms-cond",
 "vms-fao",
 "vms-filespec",
 "vms-msg",
 "vms-rms",
 "vms-time",
 "vmsportd",
]

[[package]]
name = "vmsport"
version = "0.1.0"
dependencies = [
 "libvms",
 "vms-cld",
 "vms-filespec",
 "vms-lnm",
 "vms-msg",
 "vmsportd",
]

[[package]]
name = "vmsportd"
version = "0.1.0"
dependencies = [
 "vms-cond",
 "vms-filespec",
 "vms-lnm",
]
