# This file is automatically @generated by Cargo.
# It is not intended for manual editing.
version = 4

[[package]]
name = "vms-cld"
version = "0.1.0"
dependencies = [
 "vms-cond",
]

[[package]]
name = "vms-cond"
version = "0.1.0"

[[package]]
name = "vms-fao"
version = "0.1.0"

[[package]]
name = "vms-filespec"
version = "0.1.0"

[[package]]
name = "vms-lnm"
version = "0.1.0"
dependencies = [
 "vms-cond",
 "vms-filespec",
]

[[package]]
name = "vms-msg"
version = "0.1.0"
dependencies = [
 "vms-cond",
 "vms-fao",
]

[[package]]
name = "vmsportd"
version = "0.1.0"
dependencies = [
 "vms-cond",
 "vms-filespec",
 "vms-lnm",
]
